// !$*UTF8*$!
{
	archiveVersion = 1;
	classes = {
	};
	objectVersion = 50;
	objects = {

/* Begin PBXBuildFile section */
		6E00545D25D5DD8F002C3888 /* AppDelegate.swift in Sources */ = {isa = PBXBuildFile; fileRef = 6E00545C25D5DD8F002C3888 /* AppDelegate.swift */; };
		6E00545F25D5DD8F002C3888 /* SceneDelegate.swift in Sources */ = {isa = PBXBuildFile; fileRef = 6E00545E25D5DD8F002C3888 /* SceneDelegate.swift */; };
		6E00546125D5DD8F002C3888 /* ViewController.swift in Sources */ = {isa = PBXBuildFile; fileRef = 6E00546025D5DD8F002C3888 /* ViewController.swift */; };
		6E00546425D5DD8F002C3888 /* Main.storyboard in Resources */ = {isa = PBXBuildFile; fileRef = 6E00546225D5DD8F002C3888 /* Main.storyboard */; };
		6E00546625D5DD92002C3888 /* Assets.xcassets in Resources */ = {isa = PBXBuildFile; fileRef = 6E00546525D5DD92002C3888 /* Assets.xcassets */; };
		6E00546925D5DD92002C3888 /* LaunchScreen.storyboard in Resources */ = {isa = PBXBuildFile; fileRef = 6E00546725D5DD92002C3888 /* LaunchScreen.storyboard */; };
		6E00547225D5DE67002C3888 /* HttpRequest.swift in Sources */ = {isa = PBXBuildFile; fileRef = 6E00547125D5DE67002C3888 /* HttpRequest.swift */; };
		6E00547825D5E04E002C3888 /* User.swift in Sources */ = {isa = PBXBuildFile; fileRef = 6E00547725D5E04E002C3888 /* User.swift */; };
		6E00547D25D5E125002C3888 /* UserTableViewCell.swift in Sources */ = {isa = PBXBuildFile; fileRef = 6E00547B25D5E125002C3888 /* UserTableViewCell.swift */; };
		6E00547E25D5E125002C3888 /* UserTableViewCell.xib in Resources */ = {isa = PBXBuildFile; fileRef = 6E00547C25D5E125002C3888 /* UserTableViewCell.xib */; };
		6E00548525D5EF41002C3888 /* UserListDataController.swift in Sources */ = {isa = PBXBuildFile; fileRef = 6E00548425D5EF41002C3888 /* UserListDataController.swift */; };
		6E00548825D5F9EC002C3888 /* DetailedViewController.swift in Sources */ = {isa = PBXBuildFile; fileRef = 6E00548725D5F9EC002C3888 /* DetailedViewController.swift */; };
		6E00549325D6ACC1002C3888 /* ParentViewController.swift in Sources */ = {isa = PBXBuildFile; fileRef = 6E00549225D6ACC1002C3888 /* ParentViewController.swift */; };
		6E00549625D6ACEE002C3888 /* UserListViewModel.swift in Sources */ = {isa = PBXBuildFile; fileRef = 6E00549525D6ACEE002C3888 /* UserListViewModel.swift */; };
		6E7B2FDB25D7BAE600836F7F /* ShaadiError.swift in Sources */ = {isa = PBXBuildFile; fileRef = 6E7B2FDA25D7BAE600836F7F /* ShaadiError.swift */; };
/* End PBXBuildFile section */

/* Begin PBXFileReference section */
		6E00545925D5DD8F002C3888 /* Shaadi-Swift.app */ = {isa = PBXFileReference; explicitFileType = wrapper.application; includeInIndex = 0; path = "Shaadi-Swift.app"; sourceTree = BUILT_PRODUCTS_DIR; };
		6E00545C25D5DD8F002C3888 /* AppDelegate.swift */ = {isa = PBXFileReference; lastKnownFileType = sourcecode.swift; path = AppDelegate.swift; sourceTree = "<group>"; };
		6E00545E25D5DD8F002C3888 /* SceneDelegate.swift */ = {isa = PBXFileReference; lastKnownFileType = sourcecode.swift; path = SceneDelegate.swift; sourceTree = "<group>"; };
		6E00546025D5DD8F002C3888 /* ViewController.swift */ = {isa = PBXFileReference; lastKnownFileType = sourcecode.swift; path = ViewController.swift; sourceTree = "<group>"; };
		6E00546325D5DD8F002C3888 /* Base */ = {isa = PBXFileReference; lastKnownFileType = file.storyboard; name = Base; path = Base.lproj/Main.storyboard; sourceTree = "<group>"; };
		6E00546525D5DD92002C3888 /* Assets.xcassets */ = {isa = PBXFileReference; lastKnownFileType = folder.assetcatalog; path = Assets.xcassets; sourceTree = "<group>"; };
		6E00546825D5DD92002C3888 /* Base */ = {isa = PBXFileReference; lastKnownFileType = file.storyboard; name = Base; path = Base.lproj/LaunchScreen.storyboard; sourceTree = "<group>"; };
		6E00546A25D5DD92002C3888 /* Info.plist */ = {isa = PBXFileReference; lastKnownFileType = text.plist.xml; path = Info.plist; sourceTree = "<group>"; };
		6E00547125D5DE67002C3888 /* HttpRequest.swift */ = {isa = PBXFileReference; lastKnownFileType = sourcecode.swift; path = HttpRequest.swift; sourceTree = "<group>"; };
		6E00547725D5E04E002C3888 /* User.swift */ = {isa = PBXFileReference; lastKnownFileType = sourcecode.swift; path = User.swift; sourceTree = "<group>"; };
		6E00547B25D5E125002C3888 /* UserTableViewCell.swift */ = {isa = PBXFileReference; lastKnownFileType = sourcecode.swift; path = UserTableViewCell.swift; sourceTree = "<group>"; };
		6E00547C25D5E125002C3888 /* UserTableViewCell.xib */ = {isa = PBXFileReference; lastKnownFileType = file.xib; path = UserTableViewCell.xib; sourceTree = "<group>"; };
		6E00548425D5EF41002C3888 /* UserListDataController.swift */ = {isa = PBXFileReference; lastKnownFileType = sourcecode.swift; path = UserListDataController.swift; sourceTree = "<group>"; };
		6E00548725D5F9EC002C3888 /* DetailedViewController.swift */ = {isa = PBXFileReference; lastKnownFileType = sourcecode.swift; path = DetailedViewController.swift; sourceTree = "<group>"; };
		6E00549225D6ACC1002C3888 /* ParentViewController.swift */ = {isa = PBXFileReference; lastKnownFileType = sourcecode.swift; path = ParentViewController.swift; sourceTree = "<group>"; };
		6E00549525D6ACEE002C3888 /* UserListViewModel.swift */ = {isa = PBXFileReference; lastKnownFileType = sourcecode.swift; path = UserListViewModel.swift; sourceTree = "<group>"; };
		6E7B2FDA25D7BAE600836F7F /* ShaadiError.swift */ = {isa = PBXFileReference; lastKnownFileType = sourcecode.swift; path = ShaadiError.swift; sourceTree = "<group>"; };
/* End PBXFileReference section */

/* Begin PBXFrameworksBuildPhase section */
		6E00545625D5DD8F002C3888 /* Frameworks */ = {
			isa = PBXFrameworksBuildPhase;
			buildActionMask = 2147483647;
			files = (
			);
			runOnlyForDeploymentPostprocessing = 0;
		};
/* End PBXFrameworksBuildPhase section */

/* Begin PBXGroup section */
		6E00545025D5DD8F002C3888 = {
			isa = PBXGroup;
			children = (
				6E00545B25D5DD8F002C3888 /* Shaadi-Swift */,
				6E00545A25D5DD8F002C3888 /* Products */,
			);
			sourceTree = "<group>";
		};
		6E00545A25D5DD8F002C3888 /* Products */ = {
			isa = PBXGroup;
			children = (
				6E00545925D5DD8F002C3888 /* Shaadi-Swift.app */,
			);
			name = Products;
			sourceTree = "<group>";
		};
		6E00545B25D5DD8F002C3888 /* Shaadi-Swift */ = {
			isa = PBXGroup;
			children = (
				6E00548F25D6AC40002C3888 /* Networking */,
				6E00548D25D6AC19002C3888 /* Controller */,
				6E00548C25D6AC0F002C3888 /* ViewModel */,
				6E00548B25D6AC01002C3888 /* View */,
				6E00548A25D6ABF2002C3888 /* Model */,
				6E00545C25D5DD8F002C3888 /* AppDelegate.swift */,
				6E00545E25D5DD8F002C3888 /* SceneDelegate.swift */,
				6E00546225D5DD8F002C3888 /* Main.storyboard */,
				6E00546525D5DD92002C3888 /* Assets.xcassets */,
				6E00546725D5DD92002C3888 /* LaunchScreen.storyboard */,
				6E00546A25D5DD92002C3888 /* Info.plist */,
			);
			path = "Shaadi-Swift";
			sourceTree = "<group>";
		};
		6E00548A25D6ABF2002C3888 /* Model */ = {
			isa = PBXGroup;
			children = (
				6E7B2FDA25D7BAE600836F7F /* ShaadiError.swift */,
				6E00547725D5E04E002C3888 /* User.swift */,
			);
			path = Model;
			sourceTree = "<group>";
		};
		6E00548B25D6AC01002C3888 /* View */ = {
			isa = PBXGroup;
			children = (
				6E00547B25D5E125002C3888 /* UserTableViewCell.swift */,
				6E00547C25D5E125002C3888 /* UserTableViewCell.xib */,
			);
			path = View;
			sourceTree = "<group>";
		};
		6E00548C25D6AC0F002C3888 /* ViewModel */ = {
			isa = PBXGroup;
			children = (
				6E00548425D5EF41002C3888 /* UserListDataController.swift */,
				6E00549525D6ACEE002C3888 /* UserListViewModel.swift */,
			);
			path = ViewModel;
			sourceTree = "<group>";
		};
		6E00548D25D6AC19002C3888 /* Controller */ = {
			isa = PBXGroup;
			children = (
				6E00546025D5DD8F002C3888 /* ViewController.swift */,
				6E00548725D5F9EC002C3888 /* DetailedViewController.swift */,
				6E00549225D6ACC1002C3888 /* ParentViewController.swift */,
			);
			path = Controller;
			sourceTree = "<group>";
		};
		6E00548F25D6AC40002C3888 /* Networking */ = {
			isa = PBXGroup;
			children = (
				6E00547125D5DE67002C3888 /* HttpRequest.swift */,
			);
			path = Networking;
			sourceTree = "<group>";
		};
/* End PBXGroup section */

/* Begin PBXNativeTarget section */
		6E00545825D5DD8F002C3888 /* Shaadi-Swift */ = {
			isa = PBXNativeTarget;
			buildConfigurationList = 6E00546D25D5DD92002C3888 /* Build configuration list for PBXNativeTarget "Shaadi-Swift" */;
			buildPhases = (
				6E00545525D5DD8F002C3888 /* Sources */,
				6E00545625D5DD8F002C3888 /* Frameworks */,
				6E00545725D5DD8F002C3888 /* Resources */,
			);
			buildRules = (
			);
			dependencies = (
			);
			name = "Shaadi-Swift";
			productName = "Shaadi-Swift";
			productReference = 6E00545925D5DD8F002C3888 /* Shaadi-Swift.app */;
			productType = "com.apple.product-type.application";
		};
/* End PBXNativeTarget section */

/* Begin PBXProject section */
		6E00545125D5DD8F002C3888 /* Project object */ = {
			isa = PBXProject;
			attributes = {
				LastSwiftUpdateCheck = 1230;
				LastUpgradeCheck = 1230;
				TargetAttributes = {
					6E00545825D5DD8F002C3888 = {
						CreatedOnToolsVersion = 12.3;
					};
				};
			};
			buildConfigurationList = 6E00545425D5DD8F002C3888 /* Build configuration list for PBXProject "Shaadi-Swift" */;
			compatibilityVersion = "Xcode 9.3";
			developmentRegion = en;
			hasScannedForEncodings = 0;
			knownRegions = (
				en,
				Base,
			);
			mainGroup = 6E00545025D5DD8F002C3888;
			productRefGroup = 6E00545A25D5DD8F002C3888 /* Products */;
			projectDirPath = "";
			projectRoot = "";
			targets = (
				6E00545825D5DD8F002C3888 /* Shaadi-Swift */,
			);
		};
/* End PBXProject section */

/* Begin PBXResourcesBuildPhase section */
		6E00545725D5DD8F002C3888 /* Resources */ = {
			isa = PBXResourcesBuildPhase;
			buildActionMask = 2147483647;
			files = (
				6E00547E25D5E125002C3888 /* UserTableViewCell.xib in Resources */,
				6E00546925D5DD92002C3888 /* LaunchScreen.storyboard in Resources */,
				6E00546625D5DD92002C3888 /* Assets.xcassets in Resources */,
				6E00546425D5DD8F002C3888 /* Main.storyboard in Resources */,
			);
			runOnlyForDeploymentPostprocessing = 0;
		};
/* End PBXResourcesBuildPhase section */

/* Begin PBXSourcesBuildPhase section */
		6E00545525D5DD8F002C3888 /* Sources */ = {
			isa = PBXSourcesBuildPhase;
			buildActionMask = 2147483647;
			files = (
				6E7B2FDB25D7BAE600836F7F /* ShaadiError.swift in Sources */,
				6E00546125D5DD8F002C3888 /* ViewController.swift in Sources */,
				6E00547825D5E04E002C3888 /* User.swift in Sources */,
				6E00548825D5F9EC002C3888 /* DetailedViewController.swift in Sources */,
				6E00547225D5DE67002C3888 /* HttpRequest.swift in Sources */,
				6E00545D25D5DD8F002C3888 /* AppDelegate.swift in Sources */,
				6E00547D25D5E125002C3888 /* UserTableViewCell.swift in Sources */,
				6E00548525D5EF41002C3888 /* UserListDataController.swift in Sources */,
				6E00545F25D5DD8F002C3888 /* SceneDelegate.swift in Sources */,
				6E00549325D6ACC1002C3888 /* ParentViewController.swift in Sources */,
				6E00549625D6ACEE002C3888 /* UserListViewModel.swift in Sources */,
			);
			runOnlyForDeploymentPostprocessing = 0;
		};
/* End PBXSourcesBuildPhase section */

/* Begin PBXVariantGroup section */
		6E00546225D5DD8F002C3888 /* Main.storyboard */ = {
			isa = PBXVariantGroup;
			children = (
				6E00546325D5DD8F002C3888 /* Base */,
			);
			name = Main.storyboard;
			sourceTree = "<group>";
		};
		6E00546725D5DD92002C3888 /* LaunchScreen.storyboard */ = {
			isa = PBXVariantGroup;
			children = (
				6E00546825D5DD92002C3888 /* Base */,
			);
			name = LaunchScreen.storyboard;
			sourceTree = "<group>";
		};
/* End PBXVariantGroup section */

/* Begin XCBuildConfiguration section */
		6E00546B25D5DD92002C3888 /* Debug */ = {
			isa = XCBuildConfiguration;
			buildSettings = {
				ALWAYS_SEARCH_USER_PATHS = NO;
				CLANG_ANALYZER_NONNULL = YES;
				CLANG_ANALYZER_NUMBER_OBJECT_CONVERSION = YES_AGGRESSIVE;
				CLANG_CXX_LANGUAGE_STANDARD = "gnu++14";
				CLANG_CXX_LIBRARY = "libc++";
				CLANG_ENABLE_MODULES = YES;
				CLANG_ENABLE_OBJC_ARC = YES;
				CLANG_ENABLE_OBJC_WEAK = YES;
				CLANG_WARN_BLOCK_CAPTURE_AUTORELEASING = YES;
				CLANG_WARN_BOOL_CONVERSION = YES;
				CLANG_WARN_COMMA = YES;
				CLANG_WARN_CONSTANT_CONVERSION = YES;
				CLANG_WARN_DEPRECATED_OBJC_IMPLEMENTATIONS = YES;
				CLANG_WARN_DIRECT_OBJC_ISA_USAGE = YES_ERROR;
				CLANG_WARN_DOCUMENTATION_COMMENTS = YES;
				CLANG_WARN_EMPTY_BODY = YES;
				CLANG_WARN_ENUM_CONVERSION = YES;
				CLANG_WARN_INFINITE_RECURSION = YES;
				CLANG_WARN_INT_CONVERSION = YES;
				CLANG_WARN_NON_LITERAL_NULL_CONVERSION = YES;
				CLANG_WARN_OBJC_IMPLICIT_RETAIN_SELF = YES;
				CLANG_WARN_OBJC_LITERAL_CONVERSION = YES;
				CLANG_WARN_OBJC_ROOT_CLASS = YES_ERROR;
				CLANG_WARN_QUOTED_INCLUDE_IN_FRAMEWORK_HEADER = YES;
				CLANG_WARN_RANGE_LOOP_ANALYSIS = YES;
				CLANG_WARN_STRICT_PROTOTYPES = YES;
				CLANG_WARN_SUSPICIOUS_MOVE = YES;
				CLANG_WARN_UNGUARDED_AVAILABILITY = YES_AGGRESSIVE;
				CLANG_WARN_UNREACHABLE_CODE = YES;
				CLANG_WARN__DUPLICATE_METHOD_MATCH = YES;
				COPY_PHASE_STRIP = NO;
				DEBUG_INFORMATION_FORMAT = dwarf;
				ENABLE_STRICT_OBJC_MSGSEND = YES;
				ENABLE_TESTABILITY = YES;
				GCC_C_LANGUAGE_STANDARD = gnu11;
				GCC_DYNAMIC_NO_PIC = NO;
				GCC_NO_COMMON_BLOCKS = YES;
				GCC_OPTIMIZATION_LEVEL = 0;
				GCC_PREPROCESSOR_DEFINITIONS = (
					"DEBUG=1",
					"$(inherited)",
				);
				GCC_WARN_64_TO_32_BIT_CONVERSION = YES;
				GCC_WARN_ABOUT_RETURN_TYPE = YES_ERROR;
				GCC_WARN_UNDECLARED_SELECTOR = YES;
				GCC_WARN_UNINITIALIZED_AUTOS = YES_AGGRESSIVE;
				GCC_WARN_UNUSED_FUNCTION = YES;
				GCC_WARN_UNUSED_VARIABLE = YES;
				IPHONEOS_DEPLOYMENT_TARGET = 14.3;
				MTL_ENABLE_DEBUG_INFO = INCLUDE_SOURCE;
				MTL_FAST_MATH = YES;
				ONLY_ACTIVE_ARCH = YES;
				SDKROOT = iphoneos;
				SWIFT_ACTIVE_COMPILATION_CONDITIONS = DEBUG;
				SWIFT_OPTIMIZATION_LEVEL = "-Onone";
			};
			name = Debug;
		};
		6E00546C25D5DD92002C3888 /* Release */ = {
			isa = XCBuildConfiguration;
			buildSettings = {
				ALWAYS_SEARCH_USER_PATHS = NO;
				CLANG_ANALYZER_NONNULL = YES;
				CLANG_ANALYZER_NUMBER_OBJECT_CONVERSION = YES_AGGRESSIVE;
				CLANG_CXX_LANGUAGE_STANDARD = "gnu++14";
				CLANG_CXX_LIBRARY = "libc++";
				CLANG_ENABLE_MODULES = YES;
				CLANG_ENABLE_OBJC_ARC = YES;
				CLANG_ENABLE_OBJC_WEAK = YES;
				CLANG_WARN_BLOCK_CAPTURE_AUTORELEASING = YES;
				CLANG_WARN_BOOL_CONVERSION = YES;
				CLANG_WARN_COMMA = YES;
				CLANG_WARN_CONSTANT_CONVERSION = YES;
				CLANG_WARN_DEPRECATED_OBJC_IMPLEMENTATIONS = YES;
				CLANG_WARN_DIRECT_OBJC_ISA_USAGE = YES_ERROR;
				CLANG_WARN_DOCUMENTATION_COMMENTS = YES;
				CLANG_WARN_EMPTY_BODY = YES;
				CLANG_WARN_ENUM_CONVERSION = YES;
				CLANG_WARN_INFINITE_RECURSION = YES;
				CLANG_WARN_INT_CONVERSION = YES;
				CLANG_WARN_NON_LITERAL_NULL_CONVERSION = YES;
				CLANG_WARN_OBJC_IMPLICIT_RETAIN_SELF = YES;
				CLANG_WARN_OBJC_LITERAL_CONVERSION = YES;
				CLANG_WARN_OBJC_ROOT_CLASS = YES_ERROR;
				CLANG_WARN_QUOTED_INCLUDE_IN_FRAMEWORK_HEADER = YES;
				CLANG_WARN_RANGE_LOOP_ANALYSIS = YES;
				CLANG_WARN_STRICT_PROTOTYPES = YES;
				CLANG_WARN_SUSPICIOUS_MOVE = YES;
				CLANG_WARN_UNGUARDED_AVAILABILITY = YES_AGGRESSIVE;
				CLANG_WARN_UNREACHABLE_CODE = YES;
				CLANG_WARN__DUPLICATE_METHOD_MATCH = YES;
				COPY_PHASE_STRIP = NO;
				DEBUG_INFORMATION_FORMAT = "dwarf-with-dsym";
				ENABLE_NS_ASSERTIONS = NO;
				ENABLE_STRICT_OBJC_MSGSEND = YES;
				GCC_C_LANGUAGE_STANDARD = gnu11;
				GCC_NO_COMMON_BLOCKS = YES;
				GCC_WARN_64_TO_32_BIT_CONVERSION = YES;
				GCC_WARN_ABOUT_RETURN_TYPE = YES_ERROR;
				GCC_WARN_UNDECLARED_SELECTOR = YES;
				GCC_WARN_UNINITIALIZED_AUTOS = YES_AGGRESSIVE;
				GCC_WARN_UNUSED_FUNCTION = YES;
				GCC_WARN_UNUSED_VARIABLE = YES;
				IPHONEOS_DEPLOYMENT_TARGET = 14.3;
				MTL_ENABLE_DEBUG_INFO = NO;
				MTL_FAST_MATH = YES;
				SDKROOT = iphoneos;
				SWIFT_COMPILATION_MODE = wholemodule;
				SWIFT_OPTIMIZATION_LEVEL = "-O";
				VALIDATE_PRODUCT = YES;
			};
			name = Release;
		};
		6E00546E25D5DD92002C3888 /* Debug */ = {
			isa = XCBuildConfiguration;
			buildSettings = {
				ASSETCATALOG_COMPILER_APPICON_NAME = AppIcon;
				ASSETCATALOG_COMPILER_GLOBAL_ACCENT_COLOR_NAME = AccentColor;
				CODE_SIGN_STYLE = Automatic;
				INFOPLIST_FILE = "Shaadi-Swift/Info.plist";
				LD_RUNPATH_SEARCH_PATHS = (
					"$(inherited)",
					"@executable_path/Frameworks",
				);
				PRODUCT_BUNDLE_IDENTIFIER = "com.developer.Shaadi-Swift";
				PRODUCT_NAME = "$(TARGET_NAME)";
				SWIFT_VERSION = 5.0;
				TARGETED_DEVICE_FAMILY = "1,2";
			};
			name = Debug;
		};
		6E00546F25D5DD92002C3888 /* Release */ = {
			isa = XCBuildConfiguration;
			buildSettings = {
				ASSETCATALOG_COMPILER_APPICON_NAME = AppIcon;
				ASSETCATALOG_COMPILER_GLOBAL_ACCENT_COLOR_NAME = AccentColor;
				CODE_SIGN_STYLE = Automatic;
				INFOPLIST_FILE = "Shaadi-Swift/Info.plist";
				LD_RUNPATH_SEARCH_PATHS = (
					"$(inherited)",
					"@executable_path/Frameworks",
				);
				PRODUCT_BUNDLE_IDENTIFIER = "com.developer.Shaadi-Swift";
				PRODUCT_NAME = "$(TARGET_NAME)";
				SWIFT_VERSION = 5.0;
				TARGETED_DEVICE_FAMILY = "1,2";
			};
			name = Release;
		};
/* End XCBuildConfiguration section */

/* Begin XCConfigurationList section */
		6E00545425D5DD8F002C3888 /* Build configuration list for PBXProject "Shaadi-Swift" */ = {
			isa = XCConfigurationList;
			buildConfigurations = (
				6E00546B25D5DD92002C3888 /* Debug */,
				6E00546C25D5DD92002C3888 /* Release */,
			);
			defaultConfigurationIsVisible = 0;
			defaultConfigurationName = Release;
		};
		6E00546D25D5DD92002C3888 /* Build configuration list for PBXNativeTarget "Shaadi-Swift" */ = {
			isa = XCConfigurationList;
			buildConfigurations = (
				6E00546E25D5DD92002C3888 /* Debug */,
				6E00546F25D5DD92002C3888 /* Release */,
			);
			defaultConfigurationIsVisible = 0;
			defaultConfigurationName = Release;
		};
/* End XCConfigurationList section */
	};
	rootObject = 6E00545125D5DD8F002C3888 /* Project object */;
}
